
Microsoft Visual Studio Solution File, Format Version 12.00
# Visual Studio Version 17
VisualStudioVersion = 17.11.35303.130
MinimumVisualStudioVersion = 10.0.40219.1
Project("{9A19103F-16F7-4668-BE54-9A1E7A4F7556}") = "Tyuiu.VorobevAD.SprintReview.Task7.V4.App", "Tyuiu.VorobevAD.SprintReview.Task7.V4.App\Tyuiu.VorobevAD.SprintReview.Task7.V4.App.csproj", "{929C90B9-FB0D-41FB-A31A-10BF1969B8E7}"
EndProject
Project("{FAE04EC0-301F-11D3-BF4B-00C04F79EFBC}") = "Tyuiu.VorobevAD.SprintReview.Task7.V4.Lib", "Tyuiu.VorobevAD.SprintReview.Task7.V4.Lib\Tyuiu.VorobevAD.SprintReview.Task7.V4.Lib.csproj", "{91CE8A5B-3CD3-45FA-9D72-3DAEB8FAC7DB}"
EndProject
Project("{FAE04EC0-301F-11D3-BF4B-00C04F79EFBC}") = "Tyuiu.VorobevAD.SprintReview.Task7.V4.Test", "Tyuiu.VorobevAD.SprintReview.Task7.V4.Test\Tyuiu.VorobevAD.SprintReview.Task7.V4.Test.csproj", "{D1853948-0B2A-4683-8A93-B8BBE0D72E78}"
EndProject
Global
	GlobalSection(SolutionConfigurationPlatforms) = preSolution
		Debug|Any CPU = Debug|Any CPU
		Release|Any CPU = Release|Any CPU
	EndGlobalSection
	GlobalSection(ProjectConfigurationPlatforms) = postSolution
		{929C90B9-FB0D-41FB-A31A-10BF1969B8E7}.Debug|Any CPU.ActiveCfg = Debug|Any CPU
		{929C90B9-FB0D-41FB-A31A-10BF1969B8E7}.Debug|Any CPU.Build.0 = Debug|Any CPU
		{929C90B9-FB0D-41FB-A31A-10BF1969B8E7}.Release|Any CPU.ActiveCfg = Release|Any CPU
		{929C90B9-FB0D-41FB-A31A-10BF1969B8E7}.Release|Any CPU.Build.0 = Release|Any CPU
		{91CE8A5B-3CD3-45FA-9D72-3DAEB8FAC7DB}.Debug|Any CPU.ActiveCfg = Debug|Any CPU
		{91CE8A5B-3CD3-45FA-9D72-3DAEB8FAC7DB}.Debug|Any CPU.Build.0 = Debug|Any CPU
		{91CE8A5B-3CD3-45FA-9D72-3DAEB8FAC7DB}.Release|Any CPU.ActiveCfg = Release|Any CPU
		{91CE8A5B-3CD3-45FA-9D72-3DAEB8FAC7DB}.Release|Any CPU.Build.0 = Release|Any CPU
		{D1853948-0B2A-4683-8A93-B8BBE0D72E78}.Debug|Any CPU.ActiveCfg = Debug|Any CPU
		{D1853948-0B2A-4683-8A93-B8BBE0D72E78}.Debug|Any CPU.Build.0 = Debug|Any CPU
		{D1853948-0B2A-4683-8A93-B8BBE0D72E78}.Release|Any CPU.ActiveCfg = Release|Any CPU
		{D1853948-0B2A-4683-8A93-B8BBE0D72E78}.Release|Any CPU.Build.0 = Release|Any CPU
	EndGlobalSection
	GlobalSection(SolutionProperties) = preSolution
		HideSolutionNode = FALSE
	EndGlobalSection
	GlobalSection(ExtensibilityGlobals) = postSolution
		SolutionGuid = {8052964D-04FD-47AE-A316-7BB7FEAA56A5}
	EndGlobalSection
EndGlobal
